{
  "version": "5",
  "specifiers": {
    "jsr:@bradenmacdonald/s3-lite-client@0.9.1": "0.9.1",
    "jsr:@hono/hono@^4.7.11": "4.7.11",
    "jsr:@std/semver@1.0.4": "1.0.4",
    "npm:@cloudflare/workers-types@4.20250303.0": "4.20250303.0",
    "npm:@hono/sentry@1.2.0": "1.2.0_hono@4.7.11",
    "npm:stripe@18.0.0": "18.0.0"
  },
  "jsr": {
    "@bradenmacdonald/s3-lite-client@0.9.1": {
      "integrity": "158f9da4346bb679fcf4ce0c8895806764880c945b3ef9134cf5d957e3c9c045"
    },
    "@hono/hono@4.7.11": {
      "integrity": "52b9395e4f2448fbaf82a6bd7925d15e59f4055037e74d6c2f657f3618b11193"
    },
    "@std/semver@1.0.4": {
      "integrity": "a62af791917d8fd6c48d6ebbb872f83fad3fc6671ffadbbd39ea229c2d34d175"
    }
  },
  "npm": {
    "@cloudflare/workers-types@4.20250303.0": {
      "integrity": "sha512-O7F7nRT4bbmwHf3gkRBLfJ7R6vHIJ/oZzWdby6obOiw2yavUfp/AIwS7aO2POu5Cv8+h3TXS3oHs3kKCZLraUA=="
    },
    "@hono/sentry@1.2.0_hono@4.7.11": {
      "integrity": "sha512-9mS8GrkGtR4YxM1CViL4Ft8LFQ9YhCoXeqKnUA1AUmrvA5PhUU/V+xoo8Autw0nVriin3liX5/lPrwWz3muwiw==",
      "dependencies": [
        "hono",
        "toucan-js"
      ]
    },
    "@sentry/core@8.9.2": {
      "integrity": "sha512-ixm8NISFlPlEo3FjSaqmq4nnd13BRHoafwJ5MG+okCz6BKGZ1SexEggP42/QpGvDprUUHnfncG6WUMgcarr1zA==",
      "dependencies": [
        "@sentry/types",
        "@sentry/utils"
      ]
    },
    "@sentry/types@8.9.2": {
      "integrity": "sha512-+LFOyQGl+zk5SZRGZD2MEURf7i5RHgP/mt3s85Rza+vz8M211WJ0YsjkIGUJFSY842nged5QLx4JysLaBlLymg=="
    },
    "@sentry/utils@8.9.2": {
      "integrity": "sha512-A4srR9mEBFdVXwSEKjQ94msUbVkMr8JeFiEj9ouOFORw/Y/ux/WV2bWVD/ZI9wq0TcTNK8L1wBgU8UMS5lIq3A==",
      "dependencies": [
        "@sentry/types"
      ]
    },
    "@types/node@24.0.1": {
      "integrity": "sha512-MX4Zioh39chHlDJbKmEgydJDS3tspMP/lnQC67G3SWsTnb9NeYVWOjkxpOSy4oMfPs4StcWHwBrvUb4ybfnuaw==",
      "dependencies": [
        "undici-types"
      ]
    },
    "call-bind-apply-helpers@1.0.2": {
      "integrity": "sha512-Sp1ablJ0ivDkSzjcaJdxEunN5/XvksFJ2sMBFfq6x0ryhQV/2b/KwFe21cMpmHtPOSij8K99/wSfoEuTObmuMQ==",
      "dependencies": [
        "es-errors",
        "function-bind"
      ]
    },
    "call-bound@1.0.4": {
      "integrity": "sha512-+ys997U96po4Kx/ABpBCqhA9EuxJaQWDQg7295H4hBphv3IZg0boBKuwYpt4YXp6MZ5AmZQnU/tyMTlRpaSejg==",
      "dependencies": [
        "call-bind-apply-helpers",
        "get-intrinsic"
      ]
    },
    "dunder-proto@1.0.1": {
      "integrity": "sha512-KIN/nDJBQRcXw0MLVhZE9iQHmG68qAVIBg9CqmUYjmQIhgij9U5MFvrqkUL5FbtyyzZuOeOt0zdeRe4UY7ct+A==",
      "dependencies": [
        "call-bind-apply-helpers",
        "es-errors",
        "gopd"
      ]
    },
    "es-define-property@1.0.1": {
      "integrity": "sha512-e3nRfgfUZ4rNGL232gUgX06QNyyez04KdjFrF+LTRoOXmrOgFKDg4BCdsjW8EnT69eqdYGmRpJwiPVYNrCaW3g=="
    },
    "es-errors@1.3.0": {
      "integrity": "sha512-Zf5H2Kxt2xjTvbJvP2ZWLEICxA6j+hAmMzIlypy4xcBg1vKVnx89Wy0GbS+kf5cwCVFFzdCFh2XSCFNULS6csw=="
    },
    "es-object-atoms@1.1.1": {
      "integrity": "sha512-FGgH2h8zKNim9ljj7dankFPcICIK9Cp5bm+c2gQSYePhpaG5+esrLODihIorn+Pe6FGJzWhXQotPv73jTaldXA==",
      "dependencies": [
        "es-errors"
      ]
    },
    "function-bind@1.1.2": {
      "integrity": "sha512-7XHNxH7qX9xG5mIwxkhumTox/MIRNcOgDrxWsMt2pAr23WHp6MrRlN7FBSFpCpr+oVO0F744iUgR82nJMfG2SA=="
    },
    "get-intrinsic@1.3.0": {
      "integrity": "sha512-9fSjSaos/fRIVIp+xSJlE6lfwhES7LNtKaCBIamHsjr2na1BiABJPo0mOjjz8GJDURarmCPGqaiVg5mfjb98CQ==",
      "dependencies": [
        "call-bind-apply-helpers",
        "es-define-property",
        "es-errors",
        "es-object-atoms",
        "function-bind",
        "get-proto",
        "gopd",
        "has-symbols",
        "hasown",
        "math-intrinsics"
      ]
    },
    "get-proto@1.0.1": {
      "integrity": "sha512-sTSfBjoXBp89JvIKIefqw7U2CCebsc74kiY6awiGogKtoSGbgjYE/G/+l9sF3MWFPNc9IcoOC4ODfKHfxFmp0g==",
      "dependencies": [
        "dunder-proto",
        "es-object-atoms"
      ]
    },
    "gopd@1.2.0": {
      "integrity": "sha512-ZUKRh6/kUFoAiTAtTYPZJ3hw9wNxx+BIBOijnlG9PnrJsCcSjs1wyyD6vJpaYtgnzDrKYRSqf3OO6Rfa93xsRg=="
    },
    "has-symbols@1.1.0": {
      "integrity": "sha512-1cDNdwJ2Jaohmb3sg4OmKaMBwuC48sYni5HUw2DvsC8LjGTLK9h+eb1X6RyuOHe4hT0ULCW68iomhjUoKUqlPQ=="
    },
    "hasown@2.0.2": {
      "integrity": "sha512-0hJU9SCPvmMzIBdZFqNPXWa6dqh7WdH0cII9y+CyS8rG3nL48Bclra9HmKhVVUHyPWNH5Y7xDwAB7bfgSjkUMQ==",
      "dependencies": [
        "function-bind"
      ]
    },
    "hono@4.7.11": {
      "integrity": "sha512-rv0JMwC0KALbbmwJDEnxvQCeJh+xbS3KEWW5PC9cMJ08Ur9xgatI0HmtgYZfOdOSOeYsp5LO2cOhdI8cLEbDEQ=="
    },
    "math-intrinsics@1.1.0": {
      "integrity": "sha512-/IXtbwEk5HTPyEwyKX6hGkYXxM9nbj64B+ilVJnC/R6B0pH5G4V3b0pVbL7DBj4tkhBAppbQUlf6F6Xl9LHu1g=="
    },
    "object-inspect@1.13.4": {
      "integrity": "sha512-W67iLl4J2EXEGTbfeHCffrjDfitvLANg0UlX3wFUUSTx92KXRFegMHUVgSqE+wvhAbi4WqjGg9czysTV2Epbew=="
    },
    "qs@6.14.0": {
      "integrity": "sha512-YWWTjgABSKcvs/nWBi9PycY/JiPJqOD4JA6o9Sej2AtvSGarXxKC3OQSk4pAarbdQlKAh5D4FCQkJNkW+GAn3w==",
      "dependencies": [
        "side-channel"
      ]
    },
    "side-channel-list@1.0.0": {
      "integrity": "sha512-FCLHtRD/gnpCiCHEiJLOwdmFP+wzCmDEkc9y7NsYxeF4u7Btsn1ZuwgwJGxImImHicJArLP4R0yX4c2KCrMrTA==",
      "dependencies": [
        "es-errors",
        "object-inspect"
      ]
    },
    "side-channel-map@1.0.1": {
      "integrity": "sha512-VCjCNfgMsby3tTdo02nbjtM/ewra6jPHmpThenkTYh8pG9ucZ/1P8So4u4FGBek/BjpOVsDCMoLA/iuBKIFXRA==",
      "dependencies": [
        "call-bound",
        "es-errors",
        "get-intrinsic",
        "object-inspect"
      ]
    },
    "side-channel-weakmap@1.0.2": {
      "integrity": "sha512-WPS/HvHQTYnHisLo9McqBHOJk2FkHO/tlpvldyrnem4aeQp4hai3gythswg6p01oSoTl58rcpiFAjF2br2Ak2A==",
      "dependencies": [
        "call-bound",
        "es-errors",
        "get-intrinsic",
        "object-inspect",
        "side-channel-map"
      ]
    },
    "side-channel@1.1.0": {
      "integrity": "sha512-ZX99e6tRweoUXqR+VBrslhda51Nh5MTQwou5tnUDgbtyM0dBgmhEDtWGP/xbKn6hqfPRHujUNwz5fy/wbbhnpw==",
      "dependencies": [
        "es-errors",
        "object-inspect",
        "side-channel-list",
        "side-channel-map",
        "side-channel-weakmap"
      ]
    },
    "stripe@18.0.0": {
      "integrity": "sha512-3Fs33IzKUby//9kCkCa1uRpinAoTvj6rJgQ2jrBEysoxEvfsclvXdna1amyEYbA2EKkjynuB4+L/kleCCaWTpA==",
      "dependencies": [
        "@types/node",
        "qs"
      ]
    },
    "toucan-js@4.1.1": {
      "integrity": "sha512-GTPwEaCRN8IbYe5/VeGiwxYvMO0dKaC16fTeLbF+QGswjkLZ9JUqAfDhLMyH2SWukYhmetH+uxWa1Bhluv/evQ==",
      "dependencies": [
        "@sentry/core",
        "@sentry/types",
        "@sentry/utils"
      ]
    },
    "undici-types@7.8.0": {
      "integrity": "sha512-9UJ2xGDvQ43tYyVMpuHlsgApydB8ZKfVYTsLDhXkFL/6gfkp+U8xTGdh8pMJv1SpZna0zxG1DwsKZsreLbXBxw=="
    }
  },
  "workspace": {
    "dependencies": [
      "jsr:@bradenmacdonald/s3-lite-client@0.9.1",
      "jsr:@hono/hono@^4.7.11",
      "jsr:@std/semver@1.0.4",
      "npm:@cloudflare/workers-types@4.20250303.0",
      "npm:@hono/sentry@1.2.0",
      "npm:stripe@18.0.0"
    ]
  }
}
