{
  "version": "5",
  "specifiers": {
    "npm:@cloudflare/workers-types@4.20250303.0": "4.20250303.0",
    "npm:@hono/sentry@1.2.0": "1.2.0_hono@4.9.6",
    "npm:@logsnag/node@1.0.1": "1.0.1",
    "npm:@supabase/supabase-js@2.55.0": "2.55.0",
    "npm:@types/node@*": "24.2.0",
    "npm:cron-schedule@5.0.4": "5.0.4",
    "npm:discord-api-types@~0.38.15": "0.38.23",
    "npm:hono@^4.9.2": "4.9.6",
    "npm:ky@^1.8.2": "1.10.0",
    "npm:stripe@18.5.0": "18.5.0_@types+node@24.2.0",
    "npm:zod@^4.0.17": "4.1.5"
  },
  "npm": {
    "@cloudflare/workers-types@4.20250303.0": {
      "integrity": "sha512-O7F7nRT4bbmwHf3gkRBLfJ7R6vHIJ/oZzWdby6obOiw2yavUfp/AIwS7aO2POu5Cv8+h3TXS3oHs3kKCZLraUA=="
    },
    "@hono/sentry@1.2.0_hono@4.9.6": {
      "integrity": "sha512-9mS8GrkGtR4YxM1CViL4Ft8LFQ9YhCoXeqKnUA1AUmrvA5PhUU/V+xoo8Autw0nVriin3liX5/lPrwWz3muwiw==",
      "dependencies": [
        "hono",
        "toucan-js"
      ]
    },
    "@logsnag/node@1.0.1": {
      "integrity": "sha512-JW2S1KN91XyOb0oG2PblboZ1Ys4mkOSMn83GDYjM8CXzcFbkYFMnlFQoEgP0Y5z+1A56hOO+a7uLsvxO5IdUFA=="
    },
    "@sentry/core@8.9.2": {
      "integrity": "sha512-ixm8NISFlPlEo3FjSaqmq4nnd13BRHoafwJ5MG+okCz6BKGZ1SexEggP42/QpGvDprUUHnfncG6WUMgcarr1zA==",
      "dependencies": [
        "@sentry/types",
        "@sentry/utils"
      ]
    },
    "@sentry/types@8.9.2": {
      "integrity": "sha512-+LFOyQGl+zk5SZRGZD2MEURf7i5RHgP/mt3s85Rza+vz8M211WJ0YsjkIGUJFSY842nged5QLx4JysLaBlLymg=="
    },
    "@sentry/utils@8.9.2": {
      "integrity": "sha512-A4srR9mEBFdVXwSEKjQ94msUbVkMr8JeFiEj9ouOFORw/Y/ux/WV2bWVD/ZI9wq0TcTNK8L1wBgU8UMS5lIq3A==",
      "dependencies": [
        "@sentry/types"
      ]
    },
    "@supabase/auth-js@2.71.1": {
      "integrity": "sha512-mMIQHBRc+SKpZFRB2qtupuzulaUhFYupNyxqDj5Jp/LyPvcWvjaJzZzObv6URtL/O6lPxkanASnotGtNpS3H2Q==",
      "dependencies": [
        "@supabase/node-fetch"
      ]
    },
    "@supabase/functions-js@2.4.5": {
      "integrity": "sha512-v5GSqb9zbosquTo6gBwIiq7W9eQ7rE5QazsK/ezNiQXdCbY+bH8D9qEaBIkhVvX4ZRW5rP03gEfw5yw9tiq4EQ==",
      "dependencies": [
        "@supabase/node-fetch"
      ]
    },
    "@supabase/node-fetch@2.6.15": {
      "integrity": "sha512-1ibVeYUacxWYi9i0cf5efil6adJ9WRyZBLivgjs+AUpewx1F3xPi7gLgaASI2SmIQxPoCEjAsLAzKPgMJVgOUQ==",
      "dependencies": [
        "whatwg-url"
      ]
    },
    "@supabase/postgrest-js@1.19.4": {
      "integrity": "sha512-O4soKqKtZIW3olqmbXXbKugUtByD2jPa8kL2m2c1oozAO11uCcGrRhkZL0kVxjBLrXHE0mdSkFsMj7jDSfyNpw==",
      "dependencies": [
        "@supabase/node-fetch"
      ]
    },
    "@supabase/realtime-js@2.15.1": {
      "integrity": "sha512-edRFa2IrQw50kNntvUyS38hsL7t2d/psah6om6aNTLLcWem0R6bOUq7sk7DsGeSlNfuwEwWn57FdYSva6VddYw==",
      "dependencies": [
        "@supabase/node-fetch",
        "@types/phoenix",
        "@types/ws",
        "ws"
      ]
    },
    "@supabase/storage-js@2.12.1": {
      "integrity": "sha512-QWg3HV6Db2J81VQx0PqLq0JDBn4Q8B1FYn1kYcbla8+d5WDmTdwwMr+EJAxNOSs9W4mhKMv+EYCpCrTFlTj4VQ==",
      "dependencies": [
        "@supabase/node-fetch"
      ]
    },
    "@supabase/supabase-js@2.55.0": {
      "integrity": "sha512-Y1uV4nEMjQV1x83DGn7+Z9LOisVVRlY1geSARrUHbXWgbyKLZ6/08dvc0Us1r6AJ4tcKpwpCZWG9yDQYo1JgHg==",
      "dependencies": [
        "@supabase/auth-js",
        "@supabase/functions-js",
        "@supabase/node-fetch",
        "@supabase/postgrest-js",
        "@supabase/realtime-js",
        "@supabase/storage-js"
      ]
    },
    "@types/node@24.2.0": {
      "integrity": "sha512-3xyG3pMCq3oYCNg7/ZP+E1ooTaGB4cG8JWRsqqOYQdbWNY4zbaV0Ennrd7stjiJEFZCaybcIgpTjJWHRfBSIDw==",
      "dependencies": [
        "undici-types"
      ]
    },
    "@types/phoenix@1.6.6": {
      "integrity": "sha512-PIzZZlEppgrpoT2QgbnDU+MMzuR6BbCjllj0bM70lWoejMeNJAxCchxnv7J3XFkI8MpygtRpzXrIlmWUBclP5A=="
    },
    "@types/ws@8.18.1": {
      "integrity": "sha512-ThVF6DCVhA8kUGy+aazFQ4kXQ7E1Ty7A3ypFOe0IcJV8O/M511G99AW24irKrW56Wt44yG9+ij8FaqoBGkuBXg==",
      "dependencies": [
        "@types/node"
      ]
    },
    "call-bind-apply-helpers@1.0.2": {
      "integrity": "sha512-Sp1ablJ0ivDkSzjcaJdxEunN5/XvksFJ2sMBFfq6x0ryhQV/2b/KwFe21cMpmHtPOSij8K99/wSfoEuTObmuMQ==",
      "dependencies": [
        "es-errors",
        "function-bind"
      ]
    },
    "call-bound@1.0.4": {
      "integrity": "sha512-+ys997U96po4Kx/ABpBCqhA9EuxJaQWDQg7295H4hBphv3IZg0boBKuwYpt4YXp6MZ5AmZQnU/tyMTlRpaSejg==",
      "dependencies": [
        "call-bind-apply-helpers",
        "get-intrinsic"
      ]
    },
    "cron-schedule@5.0.4": {
      "integrity": "sha512-nH0a49E/kSVk6BeFgKZy4uUsy6D2A16p120h5bYD9ILBhQu7o2sJFH+WI4R731TSBQ0dB1Ik7inB/dRAB4C8QQ=="
    },
    "discord-api-types@0.38.23": {
      "integrity": "sha512-C8VjK0yxBUq1dakxGpUXQm4VSC7R+aaD2SIr3paj2a0bP/LRok1AqHiezp30GruK6Ba9FtQAKqYUMJPzsqv7IQ=="
    },
    "dunder-proto@1.0.1": {
      "integrity": "sha512-KIN/nDJBQRcXw0MLVhZE9iQHmG68qAVIBg9CqmUYjmQIhgij9U5MFvrqkUL5FbtyyzZuOeOt0zdeRe4UY7ct+A==",
      "dependencies": [
        "call-bind-apply-helpers",
        "es-errors",
        "gopd"
      ]
    },
    "es-define-property@1.0.1": {
      "integrity": "sha512-e3nRfgfUZ4rNGL232gUgX06QNyyez04KdjFrF+LTRoOXmrOgFKDg4BCdsjW8EnT69eqdYGmRpJwiPVYNrCaW3g=="
    },
    "es-errors@1.3.0": {
      "integrity": "sha512-Zf5H2Kxt2xjTvbJvP2ZWLEICxA6j+hAmMzIlypy4xcBg1vKVnx89Wy0GbS+kf5cwCVFFzdCFh2XSCFNULS6csw=="
    },
    "es-object-atoms@1.1.1": {
      "integrity": "sha512-FGgH2h8zKNim9ljj7dankFPcICIK9Cp5bm+c2gQSYePhpaG5+esrLODihIorn+Pe6FGJzWhXQotPv73jTaldXA==",
      "dependencies": [
        "es-errors"
      ]
    },
    "function-bind@1.1.2": {
      "integrity": "sha512-7XHNxH7qX9xG5mIwxkhumTox/MIRNcOgDrxWsMt2pAr23WHp6MrRlN7FBSFpCpr+oVO0F744iUgR82nJMfG2SA=="
    },
    "get-intrinsic@1.3.0": {
      "integrity": "sha512-9fSjSaos/fRIVIp+xSJlE6lfwhES7LNtKaCBIamHsjr2na1BiABJPo0mOjjz8GJDURarmCPGqaiVg5mfjb98CQ==",
      "dependencies": [
        "call-bind-apply-helpers",
        "es-define-property",
        "es-errors",
        "es-object-atoms",
        "function-bind",
        "get-proto",
        "gopd",
        "has-symbols",
        "hasown",
        "math-intrinsics"
      ]
    },
    "get-proto@1.0.1": {
      "integrity": "sha512-sTSfBjoXBp89JvIKIefqw7U2CCebsc74kiY6awiGogKtoSGbgjYE/G/+l9sF3MWFPNc9IcoOC4ODfKHfxFmp0g==",
      "dependencies": [
        "dunder-proto",
        "es-object-atoms"
      ]
    },
    "gopd@1.2.0": {
      "integrity": "sha512-ZUKRh6/kUFoAiTAtTYPZJ3hw9wNxx+BIBOijnlG9PnrJsCcSjs1wyyD6vJpaYtgnzDrKYRSqf3OO6Rfa93xsRg=="
    },
    "has-symbols@1.1.0": {
      "integrity": "sha512-1cDNdwJ2Jaohmb3sg4OmKaMBwuC48sYni5HUw2DvsC8LjGTLK9h+eb1X6RyuOHe4hT0ULCW68iomhjUoKUqlPQ=="
    },
    "hasown@2.0.2": {
      "integrity": "sha512-0hJU9SCPvmMzIBdZFqNPXWa6dqh7WdH0cII9y+CyS8rG3nL48Bclra9HmKhVVUHyPWNH5Y7xDwAB7bfgSjkUMQ==",
      "dependencies": [
        "function-bind"
      ]
    },
    "hono@4.9.6": {
      "integrity": "sha512-doVjXhSFvYZ7y0dNokjwwSahcrAfdz+/BCLvAMa/vHLzjj8+CFyV5xteThGUsKdkaasgN+gF2mUxao+SGLpUeA=="
    },
    "ky@1.10.0": {
      "integrity": "sha512-YRPCzHEWZffbfvmRrfwa+5nwBHwZuYiTrfDX0wuhGBPV0pA/zCqcOq93MDssON/baIkpYbvehIX5aLpMxrRhaA=="
    },
    "math-intrinsics@1.1.0": {
      "integrity": "sha512-/IXtbwEk5HTPyEwyKX6hGkYXxM9nbj64B+ilVJnC/R6B0pH5G4V3b0pVbL7DBj4tkhBAppbQUlf6F6Xl9LHu1g=="
    },
    "object-inspect@1.13.4": {
      "integrity": "sha512-W67iLl4J2EXEGTbfeHCffrjDfitvLANg0UlX3wFUUSTx92KXRFegMHUVgSqE+wvhAbi4WqjGg9czysTV2Epbew=="
    },
    "qs@6.14.0": {
      "integrity": "sha512-YWWTjgABSKcvs/nWBi9PycY/JiPJqOD4JA6o9Sej2AtvSGarXxKC3OQSk4pAarbdQlKAh5D4FCQkJNkW+GAn3w==",
      "dependencies": [
        "side-channel"
      ]
    },
    "side-channel-list@1.0.0": {
      "integrity": "sha512-FCLHtRD/gnpCiCHEiJLOwdmFP+wzCmDEkc9y7NsYxeF4u7Btsn1ZuwgwJGxImImHicJArLP4R0yX4c2KCrMrTA==",
      "dependencies": [
        "es-errors",
        "object-inspect"
      ]
    },
    "side-channel-map@1.0.1": {
      "integrity": "sha512-VCjCNfgMsby3tTdo02nbjtM/ewra6jPHmpThenkTYh8pG9ucZ/1P8So4u4FGBek/BjpOVsDCMoLA/iuBKIFXRA==",
      "dependencies": [
        "call-bound",
        "es-errors",
        "get-intrinsic",
        "object-inspect"
      ]
    },
    "side-channel-weakmap@1.0.2": {
      "integrity": "sha512-WPS/HvHQTYnHisLo9McqBHOJk2FkHO/tlpvldyrnem4aeQp4hai3gythswg6p01oSoTl58rcpiFAjF2br2Ak2A==",
      "dependencies": [
        "call-bound",
        "es-errors",
        "get-intrinsic",
        "object-inspect",
        "side-channel-map"
      ]
    },
    "side-channel@1.1.0": {
      "integrity": "sha512-ZX99e6tRweoUXqR+VBrslhda51Nh5MTQwou5tnUDgbtyM0dBgmhEDtWGP/xbKn6hqfPRHujUNwz5fy/wbbhnpw==",
      "dependencies": [
        "es-errors",
        "object-inspect",
        "side-channel-list",
        "side-channel-map",
        "side-channel-weakmap"
      ]
    },
    "stripe@18.5.0_@types+node@24.2.0": {
      "integrity": "sha512-Hp+wFiEQtCB0LlNgcFh5uVyKznpDjzyUZ+CNVEf+I3fhlYvh7rZruIg+jOwzJRCpy0ZTPMjlzm7J2/M2N6d+DA==",
      "dependencies": [
        "@types/node",
        "qs"
      ],
      "optionalPeers": [
        "@types/node"
      ]
    },
    "toucan-js@4.1.1": {
      "integrity": "sha512-GTPwEaCRN8IbYe5/VeGiwxYvMO0dKaC16fTeLbF+QGswjkLZ9JUqAfDhLMyH2SWukYhmetH+uxWa1Bhluv/evQ==",
      "dependencies": [
        "@sentry/core",
        "@sentry/types",
        "@sentry/utils"
      ]
    },
    "tr46@0.0.3": {
      "integrity": "sha512-N3WMsuqV66lT30CrXNbEjx4GEwlow3v6rr4mCcv6prnfwhS01rkgyFdjPNBYd9br7LpXV1+Emh01fHnq2Gdgrw=="
    },
    "undici-types@7.10.0": {
      "integrity": "sha512-t5Fy/nfn+14LuOc2KNYg75vZqClpAiqscVvMygNnlsHBFpSXdJaYtXMcdNLpl/Qvc3P2cB3s6lOV51nqsFq4ag=="
    },
    "webidl-conversions@3.0.1": {
      "integrity": "sha512-2JAn3z8AR6rjK8Sm8orRC0h/bcl/DqL7tRPdGZ4I1CjdF+EaMLmYxBHyXuKL849eucPFhvBoxMsflfOb8kxaeQ=="
    },
    "whatwg-url@5.0.0": {
      "integrity": "sha512-saE57nupxk6v3HY35+jzBwYa0rKSy0XR8JSxZPwgLr7ys0IBzhGviA1/TUGJLmSVqs8pb9AnvICXEuOHLprYTw==",
      "dependencies": [
        "tr46",
        "webidl-conversions"
      ]
    },
    "ws@8.18.3": {
      "integrity": "sha512-PEIGCY5tSlUt50cqyMXfCzX+oOPqN0vuGqWzbcJ2xvnkzkq46oOpz7dQaTDBdfICb4N14+GARUDw2XV2N4tvzg=="
    },
    "zod@4.1.5": {
      "integrity": "sha512-rcUUZqlLJgBC33IT3PNMgsCq6TzLQEG/Ei/KTCU0PedSWRMAXoOUN+4t/0H+Q8bdnLPdqUYnvboJT0bn/229qg=="
    }
  },
  "remote": {
    "https://esm.sh/dayjs@1.11.13/deno/dayjs.mjs": "a6d8258bec464149ab2c9ae26e4bd3736897828586b03f8fea45403080bf8a80",
    "https://esm.sh/dayjs@1.11.13?target=deno": "0fb2fb89336af3c9332832cf1a369a91d4a7b024206345168739a5dca2566184"
  },
  "workspace": {
    "dependencies": [
      "jsr:@bradenmacdonald/s3-lite-client@0.9.2",
      "jsr:@std/semver@1.0.4",
      "npm:@cloudflare/workers-types@4.20250303.0",
      "npm:@hono/sentry@1.2.0",
      "npm:@logsnag/node@1.0.1",
      "npm:@supabase/supabase-js@2.55.0",
      "npm:adm-zip@0.5.16",
      "npm:cron-schedule@5.0.4",
      "npm:crypto-random-string@5.0.4",
      "npm:discord-api-types@~0.38.15",
      "npm:hono@^4.9.2",
      "npm:ky@^1.8.2",
      "npm:stripe@18.5.0",
      "npm:zod@^4.0.17"
    ]
  }
}
