{
  "version": "5",
  "specifiers": {
    "jsr:@std/semver@1.0.6": "1.0.6",
    "npm:@cloudflare/workers-types@4.20251014.0": "4.20251014.0",
    "npm:@hono/sentry@1.2.2": "1.2.2_hono@4.11.3",
    "npm:@supabase/supabase-js@2.81.1": "2.81.1",
    "npm:cron-schedule@5.0.4": "5.0.4",
    "npm:dayjs@1.11.19": "1.11.19",
    "npm:discord-api-types@~0.38.28": "0.38.37",
    "npm:drizzle-orm@0.44.7": "0.44.7_@cloudflare+workers-types@4.20251014.0",
    "npm:hono@^4.10.2": "4.11.3",
    "npm:stripe@19.3.0": "19.3.0",
    "npm:zod@^4.1.11": "4.2.1"
  },
  "jsr": {
    "@std/semver@1.0.6": {
      "integrity": "b7c98ae2843547cf3f7ac37f3995889e6e4cee0a97b57b57f17f62722843303c"
    }
  },
  "npm": {
    "@cloudflare/workers-types@4.20251014.0": {
      "integrity": "sha512-tEW98J/kOa0TdylIUOrLKRdwkUw0rvvYVlo+Ce0mqRH3c8kSoxLzUH9gfCvwLe0M89z1RkzFovSKAW2Nwtyn3w=="
    },
    "@hono/sentry@1.2.2_hono@4.11.3": {
      "integrity": "sha512-027grZBrRGDPor8mRd+QOBcSpUlF07YrTp/WFDXZhbvWZ+1LrZdERUqcdg1gBGDUTanHhd9ucblpNNN6+V1bxg==",
      "dependencies": [
        "hono",
        "toucan-js"
      ]
    },
    "@sentry/core@8.9.2": {
      "integrity": "sha512-ixm8NISFlPlEo3FjSaqmq4nnd13BRHoafwJ5MG+okCz6BKGZ1SexEggP42/QpGvDprUUHnfncG6WUMgcarr1zA==",
      "dependencies": [
        "@sentry/types",
        "@sentry/utils"
      ]
    },
    "@sentry/types@8.9.2": {
      "integrity": "sha512-+LFOyQGl+zk5SZRGZD2MEURf7i5RHgP/mt3s85Rza+vz8M211WJ0YsjkIGUJFSY842nged5QLx4JysLaBlLymg=="
    },
    "@sentry/utils@8.9.2": {
      "integrity": "sha512-A4srR9mEBFdVXwSEKjQ94msUbVkMr8JeFiEj9ouOFORw/Y/ux/WV2bWVD/ZI9wq0TcTNK8L1wBgU8UMS5lIq3A==",
      "dependencies": [
        "@sentry/types"
      ]
    },
    "@supabase/auth-js@2.81.1": {
      "integrity": "sha512-K20GgiSm9XeRLypxYHa5UCnybWc2K0ok0HLbqCej/wRxDpJxToXNOwKt0l7nO8xI1CyQ+GrNfU6bcRzvdbeopQ==",
      "dependencies": [
        "tslib"
      ]
    },
    "@supabase/functions-js@2.81.1": {
      "integrity": "sha512-sYgSO3mlgL0NvBFS3oRfCK4OgKGQwuOWJLzfPyWg0k8MSxSFSDeN/JtrDJD5GQrxskP6c58+vUzruBJQY78AqQ==",
      "dependencies": [
        "tslib"
      ]
    },
    "@supabase/postgrest-js@2.81.1": {
      "integrity": "sha512-DePpUTAPXJyBurQ4IH2e42DWoA+/Qmr5mbgY4B6ZcxVc/ZUKfTVK31BYIFBATMApWraFc8Q/Sg+yxtfJ3E0wSg==",
      "dependencies": [
        "tslib"
      ]
    },
    "@supabase/realtime-js@2.81.1": {
      "integrity": "sha512-ViQ+Kxm8BuUP/TcYmH9tViqYKGSD1LBjdqx2p5J+47RES6c+0QHedM0PPAjthMdAHWyb2LGATE9PD2++2rO/tw==",
      "dependencies": [
        "@types/phoenix",
        "@types/ws",
        "tslib",
        "ws"
      ]
    },
    "@supabase/storage-js@2.81.1": {
      "integrity": "sha512-UNmYtjnZnhouqnbEMC1D5YJot7y0rIaZx7FG2Fv8S3hhNjcGVvO+h9We/tggi273BFkiahQPS/uRsapo1cSapw==",
      "dependencies": [
        "tslib"
      ]
    },
    "@supabase/supabase-js@2.81.1": {
      "integrity": "sha512-KSdY7xb2L0DlLmlYzIOghdw/na4gsMcqJ8u4sD6tOQJr+x3hLujU9s4R8N3ob84/1bkvpvlU5PYKa1ae+OICnw==",
      "dependencies": [
        "@supabase/auth-js",
        "@supabase/functions-js",
        "@supabase/postgrest-js",
        "@supabase/realtime-js",
        "@supabase/storage-js"
      ]
    },
    "@types/node@25.0.3": {
      "integrity": "sha512-W609buLVRVmeW693xKfzHeIV6nJGGz98uCPfeXI1ELMLXVeKYZ9m15fAMSaUPBHYLGFsVRcMmSCksQOrZV9BYA==",
      "dependencies": [
        "undici-types"
      ]
    },
    "@types/phoenix@1.6.7": {
      "integrity": "sha512-oN9ive//QSBkf19rfDv45M7eZPi0eEXylht2OLEXicu5b4KoQ1OzXIw+xDSGWxSxe1JmepRR/ZH283vsu518/Q=="
    },
    "@types/ws@8.18.1": {
      "integrity": "sha512-ThVF6DCVhA8kUGy+aazFQ4kXQ7E1Ty7A3ypFOe0IcJV8O/M511G99AW24irKrW56Wt44yG9+ij8FaqoBGkuBXg==",
      "dependencies": [
        "@types/node"
      ]
    },
    "call-bind-apply-helpers@1.0.2": {
      "integrity": "sha512-Sp1ablJ0ivDkSzjcaJdxEunN5/XvksFJ2sMBFfq6x0ryhQV/2b/KwFe21cMpmHtPOSij8K99/wSfoEuTObmuMQ==",
      "dependencies": [
        "es-errors",
        "function-bind"
      ]
    },
    "call-bound@1.0.4": {
      "integrity": "sha512-+ys997U96po4Kx/ABpBCqhA9EuxJaQWDQg7295H4hBphv3IZg0boBKuwYpt4YXp6MZ5AmZQnU/tyMTlRpaSejg==",
      "dependencies": [
        "call-bind-apply-helpers",
        "get-intrinsic"
      ]
    },
    "cron-schedule@5.0.4": {
      "integrity": "sha512-nH0a49E/kSVk6BeFgKZy4uUsy6D2A16p120h5bYD9ILBhQu7o2sJFH+WI4R731TSBQ0dB1Ik7inB/dRAB4C8QQ=="
    },
    "dayjs@1.11.19": {
      "integrity": "sha512-t5EcLVS6QPBNqM2z8fakk/NKel+Xzshgt8FFKAn+qwlD1pzZWxh0nVCrvFK7ZDb6XucZeF9z8C7CBWTRIVApAw=="
    },
    "discord-api-types@0.38.37": {
      "integrity": "sha512-Cv47jzY1jkGkh5sv0bfHYqGgKOWO1peOrGMkDFM4UmaGMOTgOW8QSexhvixa9sVOiz8MnVOBryWYyw/CEVhj7w=="
    },
    "drizzle-orm@0.44.7_@cloudflare+workers-types@4.20251014.0": {
      "integrity": "sha512-quIpnYznjU9lHshEOAYLoZ9s3jweleHlZIAWR/jX9gAWNg/JhQ1wj0KGRf7/Zm+obRrYd9GjPVJg790QY9N5AQ==",
      "dependencies": [
        "@cloudflare/workers-types"
      ],
      "optionalPeers": [
        "@cloudflare/workers-types"
      ]
    },
    "dunder-proto@1.0.1": {
      "integrity": "sha512-KIN/nDJBQRcXw0MLVhZE9iQHmG68qAVIBg9CqmUYjmQIhgij9U5MFvrqkUL5FbtyyzZuOeOt0zdeRe4UY7ct+A==",
      "dependencies": [
        "call-bind-apply-helpers",
        "es-errors",
        "gopd"
      ]
    },
    "es-define-property@1.0.1": {
      "integrity": "sha512-e3nRfgfUZ4rNGL232gUgX06QNyyez04KdjFrF+LTRoOXmrOgFKDg4BCdsjW8EnT69eqdYGmRpJwiPVYNrCaW3g=="
    },
    "es-errors@1.3.0": {
      "integrity": "sha512-Zf5H2Kxt2xjTvbJvP2ZWLEICxA6j+hAmMzIlypy4xcBg1vKVnx89Wy0GbS+kf5cwCVFFzdCFh2XSCFNULS6csw=="
    },
    "es-object-atoms@1.1.1": {
      "integrity": "sha512-FGgH2h8zKNim9ljj7dankFPcICIK9Cp5bm+c2gQSYePhpaG5+esrLODihIorn+Pe6FGJzWhXQotPv73jTaldXA==",
      "dependencies": [
        "es-errors"
      ]
    },
    "function-bind@1.1.2": {
      "integrity": "sha512-7XHNxH7qX9xG5mIwxkhumTox/MIRNcOgDrxWsMt2pAr23WHp6MrRlN7FBSFpCpr+oVO0F744iUgR82nJMfG2SA=="
    },
    "get-intrinsic@1.3.0": {
      "integrity": "sha512-9fSjSaos/fRIVIp+xSJlE6lfwhES7LNtKaCBIamHsjr2na1BiABJPo0mOjjz8GJDURarmCPGqaiVg5mfjb98CQ==",
      "dependencies": [
        "call-bind-apply-helpers",
        "es-define-property",
        "es-errors",
        "es-object-atoms",
        "function-bind",
        "get-proto",
        "gopd",
        "has-symbols",
        "hasown",
        "math-intrinsics"
      ]
    },
    "get-proto@1.0.1": {
      "integrity": "sha512-sTSfBjoXBp89JvIKIefqw7U2CCebsc74kiY6awiGogKtoSGbgjYE/G/+l9sF3MWFPNc9IcoOC4ODfKHfxFmp0g==",
      "dependencies": [
        "dunder-proto",
        "es-object-atoms"
      ]
    },
    "gopd@1.2.0": {
      "integrity": "sha512-ZUKRh6/kUFoAiTAtTYPZJ3hw9wNxx+BIBOijnlG9PnrJsCcSjs1wyyD6vJpaYtgnzDrKYRSqf3OO6Rfa93xsRg=="
    },
    "has-symbols@1.1.0": {
      "integrity": "sha512-1cDNdwJ2Jaohmb3sg4OmKaMBwuC48sYni5HUw2DvsC8LjGTLK9h+eb1X6RyuOHe4hT0ULCW68iomhjUoKUqlPQ=="
    },
    "hasown@2.0.2": {
      "integrity": "sha512-0hJU9SCPvmMzIBdZFqNPXWa6dqh7WdH0cII9y+CyS8rG3nL48Bclra9HmKhVVUHyPWNH5Y7xDwAB7bfgSjkUMQ==",
      "dependencies": [
        "function-bind"
      ]
    },
    "hono@4.11.3": {
      "integrity": "sha512-PmQi306+M/ct/m5s66Hrg+adPnkD5jiO6IjA7WhWw0gSBSo1EcRegwuI1deZ+wd5pzCGynCcn2DprnE4/yEV4w=="
    },
    "math-intrinsics@1.1.0": {
      "integrity": "sha512-/IXtbwEk5HTPyEwyKX6hGkYXxM9nbj64B+ilVJnC/R6B0pH5G4V3b0pVbL7DBj4tkhBAppbQUlf6F6Xl9LHu1g=="
    },
    "object-inspect@1.13.4": {
      "integrity": "sha512-W67iLl4J2EXEGTbfeHCffrjDfitvLANg0UlX3wFUUSTx92KXRFegMHUVgSqE+wvhAbi4WqjGg9czysTV2Epbew=="
    },
    "qs@6.14.0": {
      "integrity": "sha512-YWWTjgABSKcvs/nWBi9PycY/JiPJqOD4JA6o9Sej2AtvSGarXxKC3OQSk4pAarbdQlKAh5D4FCQkJNkW+GAn3w==",
      "dependencies": [
        "side-channel"
      ]
    },
    "side-channel-list@1.0.0": {
      "integrity": "sha512-FCLHtRD/gnpCiCHEiJLOwdmFP+wzCmDEkc9y7NsYxeF4u7Btsn1ZuwgwJGxImImHicJArLP4R0yX4c2KCrMrTA==",
      "dependencies": [
        "es-errors",
        "object-inspect"
      ]
    },
    "side-channel-map@1.0.1": {
      "integrity": "sha512-VCjCNfgMsby3tTdo02nbjtM/ewra6jPHmpThenkTYh8pG9ucZ/1P8So4u4FGBek/BjpOVsDCMoLA/iuBKIFXRA==",
      "dependencies": [
        "call-bound",
        "es-errors",
        "get-intrinsic",
        "object-inspect"
      ]
    },
    "side-channel-weakmap@1.0.2": {
      "integrity": "sha512-WPS/HvHQTYnHisLo9McqBHOJk2FkHO/tlpvldyrnem4aeQp4hai3gythswg6p01oSoTl58rcpiFAjF2br2Ak2A==",
      "dependencies": [
        "call-bound",
        "es-errors",
        "get-intrinsic",
        "object-inspect",
        "side-channel-map"
      ]
    },
    "side-channel@1.1.0": {
      "integrity": "sha512-ZX99e6tRweoUXqR+VBrslhda51Nh5MTQwou5tnUDgbtyM0dBgmhEDtWGP/xbKn6hqfPRHujUNwz5fy/wbbhnpw==",
      "dependencies": [
        "es-errors",
        "object-inspect",
        "side-channel-list",
        "side-channel-map",
        "side-channel-weakmap"
      ]
    },
    "stripe@19.3.0": {
      "integrity": "sha512-3MbqRkw5LXb4LWP1LgIEYxUAYhYDDU5pcHZj4Xha6VWPnN1wrUmQ7Htsgm8wR584s0hn1aQg1lYD0Hi+F37E5g==",
      "dependencies": [
        "qs"
      ]
    },
    "toucan-js@4.1.1": {
      "integrity": "sha512-GTPwEaCRN8IbYe5/VeGiwxYvMO0dKaC16fTeLbF+QGswjkLZ9JUqAfDhLMyH2SWukYhmetH+uxWa1Bhluv/evQ==",
      "dependencies": [
        "@sentry/core",
        "@sentry/types",
        "@sentry/utils"
      ]
    },
    "tslib@2.8.1": {
      "integrity": "sha512-oJFu94HQb+KVduSUQL7wnpmqnfmLsOA/nAh6b6EH0wCEoK0/mPeXU6c3wKDV83MkOuHPRHtSXKKU99IBazS/2w=="
    },
    "undici-types@7.16.0": {
      "integrity": "sha512-Zz+aZWSj8LE6zoxD+xrjh4VfkIG8Ya6LvYkZqtUQGJPZjYl53ypCaUwWqo7eI0x66KBGeRo+mlBEkMSeSZ38Nw=="
    },
    "ws@8.18.3": {
      "integrity": "sha512-PEIGCY5tSlUt50cqyMXfCzX+oOPqN0vuGqWzbcJ2xvnkzkq46oOpz7dQaTDBdfICb4N14+GARUDw2XV2N4tvzg=="
    },
    "zod@4.2.1": {
      "integrity": "sha512-0wZ1IRqGGhMP76gLqz8EyfBXKk0J2qo2+H3fi4mcUP/KtTocoX08nmIAHl1Z2kJIZbZee8KOpBCSNPRgauucjw=="
    }
  },
  "workspace": {
    "dependencies": [
      "jsr:@bradenmacdonald/s3-lite-client@0.9.4",
      "jsr:@std/semver@1.0.6",
      "npm:@cloudflare/workers-types@4.20251014.0",
      "npm:@hono/sentry@1.2.2",
      "npm:@logsnag/node@1.0.1",
      "npm:@supabase/supabase-js@2.81.1",
      "npm:@types/pg@8.15.6",
      "npm:adm-zip@0.5.16",
      "npm:cron-schedule@5.0.4",
      "npm:crypto-random-string@5.0.0",
      "npm:dayjs@1.11.19",
      "npm:discord-api-types@~0.38.28",
      "npm:drizzle-orm@0.44.7",
      "npm:hono@^4.10.2",
      "npm:pg@8.16.3",
      "npm:stripe@19.3.0",
      "npm:zod@^4.1.11"
    ]
  }
}
