PODS:
  - Alamofire (5.10.2)
  - BigInt (5.2.0)
  - Capacitor (7.4.3):
    - CapacitorCordova
  - CapacitorActionSheet (7.0.2):
    - Capacitor
  - CapacitorApp (7.1.0):
    - Capacitor
  - CapacitorAppLauncher (7.0.2):
    - Capacitor
  - CapacitorBrowser (7.0.2):
    - Capacitor
  - CapacitorCamera (7.0.2):
    - Capacitor
  - CapacitorCameraView (1.2.2):
    - Capacitor
  - CapacitorClipboard (7.0.2):
    - Capacitor
  - CapacitorCommunityInAppReview (7.0.1):
    - Capacitor
  - CapacitorCommunityKeepAwake (7.1.0):
    - Capacitor
  - CapacitorCordova (7.4.3)
  - CapacitorDevice (7.0.2):
    - Capacitor
  - CapacitorDialog (7.0.2):
    - Capacitor
  - CapacitorFilesystem (7.1.4):
    - Capacitor
    - IONFilesystemLib (~> 1.0.1)
  - CapacitorGeolocation (7.1.5):
    - Capacitor
    - IONGeolocationLib (= 1.0.1)
  - CapacitorHaptics (7.0.2):
    - Capacitor
  - CapacitorKeyboard (7.0.3):
    - Capacitor
  - CapacitorLocalNotifications (7.0.3):
    - Capacitor
  - CapacitorNetwork (7.0.2):
    - Capacitor
  - CapacitorPreferences (7.0.2):
    - Capacitor
  - CapacitorPushNotifications (7.0.3):
    - Capacitor
  - CapacitorScreenReader (7.0.2):
    - Capacitor
  - CapacitorSecureStoragePlugin (0.12.0):
    - Capacitor
    - SwiftKeychainWrapper
  - CapacitorShare (7.0.2):
    - Capacitor
  - CapacitorSplashScreen (7.0.3):
    - Capacitor
  - CapacitorStatusBar (7.0.3):
    - Capacitor
  - CapacitorTextZoom (7.0.2):
    - Capacitor
  - CapacitorToast (7.0.2):
    - Capacitor
  - CapawesomeCapacitorFilePicker (7.2.0):
    - Capacitor
  - CapawesomeCapacitorScreenOrientation (7.0.2):
    - Capacitor
  - CapgoCapacitorCrisp (7.1.9):
    - Capacitor
    - Crisp
  - CapgoCapacitorFlash (7.0.7):
    - Capacitor
  - CapgoCapacitorMute (7.1.55):
    - Capacitor
  - CapgoCapacitorNativeBiometric (0.0.1):
    - Capacitor
  - CapgoCapacitorScreenRecorder (7.1.12):
    - Capacitor
  - CapgoCapacitorUpdater (7.18.1):
    - Alamofire (= 5.10.2)
    - BigInt (= 5.2.0)
    - Capacitor
    - SSZipArchive (= 2.4.3)
    - Version (= 0.8.0)
  - CapgoInappbrowser (7.20.0):
    - Capacitor
  - CapgoNativeAudio (7.5.0):
    - Capacitor
  - CapgoNativeMarket (0.0.1):
    - Capacitor
  - Crisp (2.11.0):
    - Crisp/Crisp (= 2.11.0)
  - Crisp/Crisp (2.11.0)
  - IONFilesystemLib (1.0.1)
  - IONGeolocationLib (1.0.1)
  - PurchasesHybridCommon (17.8.0):
    - RevenueCat (= 5.40.0)
  - RevenueCat (5.40.0)
  - RevenuecatPurchasesCapacitor (11.2.3):
    - Capacitor
    - PurchasesHybridCommon (= 17.8.0)
  - SSZipArchive (2.4.3)
  - SwiftKeychainWrapper (4.0.1)
  - Version (0.8.0)

DEPENDENCIES:
  - "Capacitor (from `../../node_modules/@capacitor/ios`)"
  - "CapacitorActionSheet (from `../../node_modules/@capacitor/action-sheet`)"
  - "CapacitorApp (from `../../node_modules/@capacitor/app`)"
  - "CapacitorAppLauncher (from `../../node_modules/@capacitor/app-launcher`)"
  - "CapacitorBrowser (from `../../node_modules/@capacitor/browser`)"
  - "CapacitorCamera (from `../../node_modules/@capacitor/camera`)"
  - CapacitorCameraView (from `../../node_modules/capacitor-camera-view`)
  - "CapacitorClipboard (from `../../node_modules/@capacitor/clipboard`)"
  - "CapacitorCommunityInAppReview (from `../../node_modules/@capacitor-community/in-app-review`)"
  - "CapacitorCommunityKeepAwake (from `../../node_modules/@capacitor-community/keep-awake`)"
  - "CapacitorCordova (from `../../node_modules/@capacitor/ios`)"
  - "CapacitorDevice (from `../../node_modules/@capacitor/device`)"
  - "CapacitorDialog (from `../../node_modules/@capacitor/dialog`)"
  - "CapacitorFilesystem (from `../../node_modules/@capacitor/filesystem`)"
  - "CapacitorGeolocation (from `../../node_modules/@capacitor/geolocation`)"
  - "CapacitorHaptics (from `../../node_modules/@capacitor/haptics`)"
  - "CapacitorKeyboard (from `../../node_modules/@capacitor/keyboard`)"
  - "CapacitorLocalNotifications (from `../../node_modules/@capacitor/local-notifications`)"
  - "CapacitorNetwork (from `../../node_modules/@capacitor/network`)"
  - "CapacitorPreferences (from `../../node_modules/@capacitor/preferences`)"
  - "CapacitorPushNotifications (from `../../node_modules/@capacitor/push-notifications`)"
  - "CapacitorScreenReader (from `../../node_modules/@capacitor/screen-reader`)"
  - CapacitorSecureStoragePlugin (from `../../node_modules/capacitor-secure-storage-plugin`)
  - "CapacitorShare (from `../../node_modules/@capacitor/share`)"
  - "CapacitorSplashScreen (from `../../node_modules/@capacitor/splash-screen`)"
  - "CapacitorStatusBar (from `../../node_modules/@capacitor/status-bar`)"
  - "CapacitorTextZoom (from `../../node_modules/@capacitor/text-zoom`)"
  - "CapacitorToast (from `../../node_modules/@capacitor/toast`)"
  - "CapawesomeCapacitorFilePicker (from `../../node_modules/@capawesome/capacitor-file-picker`)"
  - "CapawesomeCapacitorScreenOrientation (from `../../node_modules/@capawesome/capacitor-screen-orientation`)"
  - "CapgoCapacitorCrisp (from `../../node_modules/@capgo/capacitor-crisp`)"
  - "CapgoCapacitorFlash (from `../../node_modules/@capgo/capacitor-flash`)"
  - "CapgoCapacitorMute (from `../../node_modules/@capgo/capacitor-mute`)"
  - "CapgoCapacitorNativeBiometric (from `../../node_modules/@capgo/capacitor-native-biometric`)"
  - "CapgoCapacitorScreenRecorder (from `../../node_modules/@capgo/capacitor-screen-recorder`)"
  - "CapgoCapacitorUpdater (from `../../node_modules/@capgo/capacitor-updater`)"
  - "CapgoInappbrowser (from `../../node_modules/@capgo/inappbrowser`)"
  - "CapgoNativeAudio (from `../../node_modules/@capgo/native-audio`)"
  - "CapgoNativeMarket (from `../../node_modules/@capgo/native-market`)"
  - "RevenuecatPurchasesCapacitor (from `../../node_modules/@revenuecat/purchases-capacitor`)"

SPEC REPOS:
  trunk:
    - Alamofire
    - BigInt
    - Crisp
    - IONFilesystemLib
    - IONGeolocationLib
    - PurchasesHybridCommon
    - RevenueCat
    - SSZipArchive
    - SwiftKeychainWrapper
    - Version

EXTERNAL SOURCES:
  Capacitor:
    :path: "../../node_modules/@capacitor/ios"
  CapacitorActionSheet:
    :path: "../../node_modules/@capacitor/action-sheet"
  CapacitorApp:
    :path: "../../node_modules/@capacitor/app"
  CapacitorAppLauncher:
    :path: "../../node_modules/@capacitor/app-launcher"
  CapacitorBrowser:
    :path: "../../node_modules/@capacitor/browser"
  CapacitorCamera:
    :path: "../../node_modules/@capacitor/camera"
  CapacitorCameraView:
    :path: "../../node_modules/capacitor-camera-view"
  CapacitorClipboard:
    :path: "../../node_modules/@capacitor/clipboard"
  CapacitorCommunityInAppReview:
    :path: "../../node_modules/@capacitor-community/in-app-review"
  CapacitorCommunityKeepAwake:
    :path: "../../node_modules/@capacitor-community/keep-awake"
  CapacitorCordova:
    :path: "../../node_modules/@capacitor/ios"
  CapacitorDevice:
    :path: "../../node_modules/@capacitor/device"
  CapacitorDialog:
    :path: "../../node_modules/@capacitor/dialog"
  CapacitorFilesystem:
    :path: "../../node_modules/@capacitor/filesystem"
  CapacitorGeolocation:
    :path: "../../node_modules/@capacitor/geolocation"
  CapacitorHaptics:
    :path: "../../node_modules/@capacitor/haptics"
  CapacitorKeyboard:
    :path: "../../node_modules/@capacitor/keyboard"
  CapacitorLocalNotifications:
    :path: "../../node_modules/@capacitor/local-notifications"
  CapacitorNetwork:
    :path: "../../node_modules/@capacitor/network"
  CapacitorPreferences:
    :path: "../../node_modules/@capacitor/preferences"
  CapacitorPushNotifications:
    :path: "../../node_modules/@capacitor/push-notifications"
  CapacitorScreenReader:
    :path: "../../node_modules/@capacitor/screen-reader"
  CapacitorSecureStoragePlugin:
    :path: "../../node_modules/capacitor-secure-storage-plugin"
  CapacitorShare:
    :path: "../../node_modules/@capacitor/share"
  CapacitorSplashScreen:
    :path: "../../node_modules/@capacitor/splash-screen"
  CapacitorStatusBar:
    :path: "../../node_modules/@capacitor/status-bar"
  CapacitorTextZoom:
    :path: "../../node_modules/@capacitor/text-zoom"
  CapacitorToast:
    :path: "../../node_modules/@capacitor/toast"
  CapawesomeCapacitorFilePicker:
    :path: "../../node_modules/@capawesome/capacitor-file-picker"
  CapawesomeCapacitorScreenOrientation:
    :path: "../../node_modules/@capawesome/capacitor-screen-orientation"
  CapgoCapacitorCrisp:
    :path: "../../node_modules/@capgo/capacitor-crisp"
  CapgoCapacitorFlash:
    :path: "../../node_modules/@capgo/capacitor-flash"
  CapgoCapacitorMute:
    :path: "../../node_modules/@capgo/capacitor-mute"
  CapgoCapacitorNativeBiometric:
    :path: "../../node_modules/@capgo/capacitor-native-biometric"
  CapgoCapacitorScreenRecorder:
    :path: "../../node_modules/@capgo/capacitor-screen-recorder"
  CapgoCapacitorUpdater:
    :path: "../../node_modules/@capgo/capacitor-updater"
  CapgoInappbrowser:
    :path: "../../node_modules/@capgo/inappbrowser"
  CapgoNativeAudio:
    :path: "../../node_modules/@capgo/native-audio"
  CapgoNativeMarket:
    :path: "../../node_modules/@capgo/native-market"
  RevenuecatPurchasesCapacitor:
    :path: "../../node_modules/@revenuecat/purchases-capacitor"

SPEC CHECKSUMS:
  Alamofire: 7193b3b92c74a07f85569e1a6c4f4237291e7496
  BigInt: f668a80089607f521586bbe29513d708491ef2f7
  Capacitor: b4741ca7affb32c1b70debd03df92cbf522d8a80
  CapacitorActionSheet: d518dce4722490485fe529d65477117e20921137
  CapacitorApp: 846d4b4a1dbb19dd1e9029c08ba6f028aa7be862
  CapacitorAppLauncher: 96930b89740f1deabc737df750dbc3e9a0430f34
  CapacitorBrowser: 45c681e7abc3b4384e54eb52bafeef1347d98fa8
  CapacitorCamera: 6e18d54c8ab30d7dc7b8cd93d96f9b4f57e9202a
  CapacitorCameraView: 80c5b817f3cd3ac21a219e65b2a79bef91315865
  CapacitorClipboard: e8b3578b2fce3c4795a5bdf2990b3b7dcef83f65
  CapacitorCommunityInAppReview: f2faacccf485005d6f2f113522467337db88a06b
  CapacitorCommunityKeepAwake: 36e0cfbc6ae293d93f828724e6d5388a5f02ed5a
  CapacitorCordova: 435121e81a2df4d0034f0fb11fcefab5104cfdb5
  CapacitorDevice: a50a45f0d075e55e2392c7a4be5404d4f69515de
  CapacitorDialog: f23be5f188fbfedf7eca159c5d5bdab98b4c89c6
  CapacitorFilesystem: ac0a386949ed6c295a3dffa129ecd26b881ae5be
  CapacitorGeolocation: b96474c3259dd4a294227ea8ec19140b1837cceb
  CapacitorHaptics: 09d96bcb5a2b74ede8fd039b4cdf58fc43dcacf1
  CapacitorKeyboard: 3822c3a0c6b58168f96ca562f9534ed095d40860
  CapacitorLocalNotifications: a57a6ff87c1f69a00598f9b97cf52eba8f9ff867
  CapacitorNetwork: 9b9eaeb417ec0ffa22e2bc33a4c71df10e1d6f06
  CapacitorPreferences: b583b5deb74e564c35968189d25d32c0fd41200d
  CapacitorPushNotifications: 729ade0d2791ec1969feaf931a15e28d929a6d70
  CapacitorScreenReader: 5d2b8326d8a13666ac08ddddaf35af086384ed80
  CapacitorSecureStoragePlugin: 90465f0c8ce4a0e81467653c0b91b5010a201f99
  CapacitorShare: 051c3ceee0ddf3bb54574851a622bbb317eed5bd
  CapacitorSplashScreen: d06ae8804808e9f649a08e7bb7f283c77b688084
  CapacitorStatusBar: 7d8fcbd6768db014bd721d75e246590b014928e8
  CapacitorTextZoom: b333ea3d12bc982efc521086ac0e4ae5dca8eb03
  CapacitorToast: e32c2b61a70d6fbd0633309c0807b4b9811768b4
  CapawesomeCapacitorFilePicker: 005c33082078c1dd528ba9204aa49e97d62b68b7
  CapawesomeCapacitorScreenOrientation: b0c2762409c346222bfd0702c7750fa743466eb2
  CapgoCapacitorCrisp: c80c187b253e8b28bb352a01246f0ec1e07741a0
  CapgoCapacitorFlash: 4b2cede499c5e01a0f7af72378deb46c91af9088
  CapgoCapacitorMute: 11e9c341a343e2903ad534b75f2de8ffcfa96120
  CapgoCapacitorNativeBiometric: ef4244ffac92fb918ec8aaf19dc0aaef54e24a99
  CapgoCapacitorScreenRecorder: 394657386922e9e214425e58fa17ee1b06b9fa9f
  CapgoCapacitorUpdater: b9e43d3cb1b6e2766ec27ff62c67da43d27fe073
  CapgoInappbrowser: 9f213421e8358b71e30c0ef193eef6e69e82b9fd
  CapgoNativeAudio: 1e8708692d9628cd9b598072d60b17e54fabe3a2
  CapgoNativeMarket: 5f74fd7e2b40ba85c5fcf3fd6f5196e5eb619fb9
  Crisp: 95eeaff9cd40f10496288bf0a36bd3b5c2ddd1d6
  IONFilesystemLib: 89258b8e3e85465da93127d25d7ce37f977e8a6f
  IONGeolocationLib: 20f9d0248a0b5264511fb57a37e25dd2badf797a
  PurchasesHybridCommon: fad1084d9781388e181c8b855caf7a5853cebcb3
  RevenueCat: 02c8d0082d3373bcbc831faa600943d6ba6cad6e
  RevenuecatPurchasesCapacitor: f8f54c117c338380ef8cccb69f3350d43c5e5943
  SSZipArchive: fe6a26b2a54d5a0890f2567b5cc6de5caa600aef
  SwiftKeychainWrapper: 807ba1d63c33a7d0613288512399cd1eda1e470c
  Version: de5907f2c5d0f3cf21708db7801d1d5401139486

PODFILE CHECKSUM: 3c2fb74a743a3f663c0da45b1f38bf96e73364ca

COCOAPODS: 1.16.2
